// !$*UTF8*$!
{
	archiveVersion = 1;
	classes = {
	};
	objectVersion = 50;
	objects = {

/* Begin PBXBuildFile section */
		A4B493642201CA3400A0A8B1 /* Assets.xcassets in Resources */ = {isa = PBXBuildFile; fileRef = A4B493632201CA3400A0A8B1 /* Assets.xcassets */; };
		DAEB4C0C21FF275C005E2924 /* SharedViewController.swift in Sources */ = {isa = PBXBuildFile; fileRef = DAEB4C0B21FF275C005E2924 /* SharedViewController.swift */; };
		DAEB4C0E21FF2768005E2924 /* PrivateViewController.swift in Sources */ = {isa = PBXBuildFile; fileRef = DAEB4C0D21FF2768005E2924 /* PrivateViewController.swift */; };
		DAEB4C1021FF2CC7005E2924 /* CloudKitHelper.swift in Sources */ = {isa = PBXBuildFile; fileRef = DAEB4C0F21FF2CC7005E2924 /* CloudKitHelper.swift */; };
		DAEB4C1222007667005E2924 /* AddNoteError.swift in Sources */ = {isa = PBXBuildFile; fileRef = DAEB4C1122007667005E2924 /* AddNoteError.swift */; };
		DAEB4C1422007B19005E2924 /* UIViewController+AlertToAddNote.swift in Sources */ = {isa = PBXBuildFile; fileRef = DAEB4C1322007B19005E2924 /* UIViewController+AlertToAddNote.swift */; };
		DAEB4C1622007DD4005E2924 /* UIViewController+RefreshController.swift in Sources */ = {isa = PBXBuildFile; fileRef = DAEB4C1522007DD4005E2924 /* UIViewController+RefreshController.swift */; };
		DAF83CE221FB26970090CF08 /* AppDelegate.swift in Sources */ = {isa = PBXBuildFile; fileRef = DAF83CE121FB26970090CF08 /* AppDelegate.swift */; };
		DAF83CE421FB26970090CF08 /* PublicViewController.swift in Sources */ = {isa = PBXBuildFile; fileRef = DAF83CE321FB26970090CF08 /* PublicViewController.swift */; };
		DAF83CE721FB26970090CF08 /* Main.storyboard in Resources */ = {isa = PBXBuildFile; fileRef = DAF83CE521FB26970090CF08 /* Main.storyboard */; };
		DAF83CEC21FB269A0090CF08 /* LaunchScreen.storyboard in Resources */ = {isa = PBXBuildFile; fileRef = DAF83CEA21FB269A0090CF08 /* LaunchScreen.storyboard */; };
		DAF83CF621FB2CE70090CF08 /* CloudKit.framework in Frameworks */ = {isa = PBXBuildFile; fileRef = DAF83CF521FB2CE70090CF08 /* CloudKit.framework */; };
/* End PBXBuildFile section */

/* Begin PBXFileReference section */
		A4B493632201CA3400A0A8B1 /* Assets.xcassets */ = {isa = PBXFileReference; lastKnownFileType = folder.assetcatalog; path = Assets.xcassets; sourceTree = "<group>"; };
		DAEB4C0B21FF275C005E2924 /* SharedViewController.swift */ = {isa = PBXFileReference; lastKnownFileType = sourcecode.swift; path = SharedViewController.swift; sourceTree = "<group>"; };
		DAEB4C0D21FF2768005E2924 /* PrivateViewController.swift */ = {isa = PBXFileReference; lastKnownFileType = sourcecode.swift; path = PrivateViewController.swift; sourceTree = "<group>"; };
		DAEB4C0F21FF2CC7005E2924 /* CloudKitHelper.swift */ = {isa = PBXFileReference; lastKnownFileType = sourcecode.swift; path = CloudKitHelper.swift; sourceTree = "<group>"; };
		DAEB4C1122007667005E2924 /* AddNoteError.swift */ = {isa = PBXFileReference; lastKnownFileType = sourcecode.swift; path = AddNoteError.swift; sourceTree = "<group>"; };
		DAEB4C1322007B19005E2924 /* UIViewController+AlertToAddNote.swift */ = {isa = PBXFileReference; lastKnownFileType = sourcecode.swift; path = "UIViewController+AlertToAddNote.swift"; sourceTree = "<group>"; };
		DAEB4C1522007DD4005E2924 /* UIViewController+RefreshController.swift */ = {isa = PBXFileReference; lastKnownFileType = sourcecode.swift; path = "UIViewController+RefreshController.swift"; sourceTree = "<group>"; };
		DAF83CDE21FB26970090CF08 /* CloudKit-KL-Tutorial.app */ = {isa = PBXFileReference; explicitFileType = wrapper.application; includeInIndex = 0; path = "CloudKit-KL-Tutorial.app"; sourceTree = BUILT_PRODUCTS_DIR; };
		DAF83CE121FB26970090CF08 /* AppDelegate.swift */ = {isa = PBXFileReference; lastKnownFileType = sourcecode.swift; path = AppDelegate.swift; sourceTree = "<group>"; };
		DAF83CE321FB26970090CF08 /* PublicViewController.swift */ = {isa = PBXFileReference; lastKnownFileType = sourcecode.swift; path = PublicViewController.swift; sourceTree = "<group>"; };
		DAF83CE621FB26970090CF08 /* Base */ = {isa = PBXFileReference; lastKnownFileType = file.storyboard; name = Base; path = Base.lproj/Main.storyboard; sourceTree = "<group>"; };
		DAF83CEB21FB269A0090CF08 /* Base */ = {isa = PBXFileReference; lastKnownFileType = file.storyboard; name = Base; path = Base.lproj/LaunchScreen.storyboard; sourceTree = "<group>"; };
		DAF83CED21FB269A0090CF08 /* Info.plist */ = {isa = PBXFileReference; lastKnownFileType = text.plist.xml; path = Info.plist; sourceTree = "<group>"; };
		DAF83CF321FB2CE50090CF08 /* CloudKit-KL-Tutorial.entitlements */ = {isa = PBXFileReference; lastKnownFileType = text.plist.entitlements; path = "CloudKit-KL-Tutorial.entitlements"; sourceTree = "<group>"; };
		DAF83CF521FB2CE70090CF08 /* CloudKit.framework */ = {isa = PBXFileReference; lastKnownFileType = wrapper.framework; name = CloudKit.framework; path = System/Library/Frameworks/CloudKit.framework; sourceTree = SDKROOT; };
/* End PBXFileReference section */

/* Begin PBXFrameworksBuildPhase section */
		DAF83CDB21FB26970090CF08 /* Frameworks */ = {
			isa = PBXFrameworksBuildPhase;
			buildActionMask = 2147483647;
			files = (
				DAF83CF621FB2CE70090CF08 /* CloudKit.framework in Frameworks */,
			);
			runOnlyForDeploymentPostprocessing = 0;
		};
/* End PBXFrameworksBuildPhase section */

/* Begin PBXGroup section */
		DAF83CD521FB26970090CF08 = {
			isa = PBXGroup;
			children = (
				DAF83CE021FB26970090CF08 /* CloudKit-KL-Tutorial */,
				DAF83CDF21FB26970090CF08 /* Products */,
				DAF83CF421FB2CE70090CF08 /* Frameworks */,
			);
			sourceTree = "<group>";
		};
		DAF83CDF21FB26970090CF08 /* Products */ = {
			isa = PBXGroup;
			children = (
				DAF83CDE21FB26970090CF08 /* CloudKit-KL-Tutorial.app */,
			);
			name = Products;
			sourceTree = "<group>";
		};
		DAF83CE021FB26970090CF08 /* CloudKit-KL-Tutorial */ = {
			isa = PBXGroup;
			children = (
				DAF83CF321FB2CE50090CF08 /* CloudKit-KL-Tutorial.entitlements */,
				DAF83CE121FB26970090CF08 /* AppDelegate.swift */,
				DAF83CE521FB26970090CF08 /* Main.storyboard */,
				DAEB4C1122007667005E2924 /* AddNoteError.swift */,
				DAF83CE321FB26970090CF08 /* PublicViewController.swift */,
				DAEB4C0B21FF275C005E2924 /* SharedViewController.swift */,
				DAEB4C0D21FF2768005E2924 /* PrivateViewController.swift */,
				DAEB4C1522007DD4005E2924 /* UIViewController+RefreshController.swift */,
				DAF83CEA21FB269A0090CF08 /* LaunchScreen.storyboard */,
				A4B493632201CA3400A0A8B1 /* Assets.xcassets */,
				DAF83CED21FB269A0090CF08 /* Info.plist */,
				DAEB4C0F21FF2CC7005E2924 /* CloudKitHelper.swift */,
				DAEB4C1322007B19005E2924 /* UIViewController+AlertToAddNote.swift */,
			);
			path = "CloudKit-KL-Tutorial";
			sourceTree = "<group>";
		};
		DAF83CF421FB2CE70090CF08 /* Frameworks */ = {
			isa = PBXGroup;
			children = (
				DAF83CF521FB2CE70090CF08 /* CloudKit.framework */,
			);
			name = Frameworks;
			sourceTree = "<group>";
		};
/* End PBXGroup section */

/* Begin PBXNativeTarget section */
		DAF83CDD21FB26970090CF08 /* CloudKit-KL-Tutorial */ = {
			isa = PBXNativeTarget;
			buildConfigurationList = DAF83CF021FB269A0090CF08 /* Build configuration list for PBXNativeTarget "CloudKit-KL-Tutorial" */;
			buildPhases = (
				DAF83CDA21FB26970090CF08 /* Sources */,
				DAF83CDB21FB26970090CF08 /* Frameworks */,
				DAF83CDC21FB26970090CF08 /* Resources */,
			);
			buildRules = (
			);
			dependencies = (
			);
			name = "CloudKit-KL-Tutorial";
			productName = "CloudKit-KL-Tutorial";
			productReference = DAF83CDE21FB26970090CF08 /* CloudKit-KL-Tutorial.app */;
			productType = "com.apple.product-type.application";
		};
/* End PBXNativeTarget section */

/* Begin PBXProject section */
		DAF83CD621FB26970090CF08 /* Project object */ = {
			isa = PBXProject;
			attributes = {
				LastSwiftUpdateCheck = 1010;
				LastUpgradeCheck = 1010;
				ORGANIZATIONNAME = "Lucas Tavares";
				TargetAttributes = {
					DAF83CDD21FB26970090CF08 = {
						CreatedOnToolsVersion = 10.1;
						SystemCapabilities = {
							com.apple.Push = {
								enabled = 1;
							};
							com.apple.iCloud = {
								enabled = 1;
							};
						};
					};
				};
			};
			buildConfigurationList = DAF83CD921FB26970090CF08 /* Build configuration list for PBXProject "CloudKit-KL-Tutorial" */;
			compatibilityVersion = "Xcode 9.3";
			developmentRegion = en;
			hasScannedForEncodings = 0;
			knownRegions = (
				en,
				Base,
			);
			mainGroup = DAF83CD521FB26970090CF08;
			productRefGroup = DAF83CDF21FB26970090CF08 /* Products */;
			projectDirPath = "";
			projectRoot = "";
			targets = (
				DAF83CDD21FB26970090CF08 /* CloudKit-KL-Tutorial */,
			);
		};
/* End PBXProject section */

/* Begin PBXResourcesBuildPhase section */
		DAF83CDC21FB26970090CF08 /* Resources */ = {
			isa = PBXResourcesBuildPhase;
			buildActionMask = 2147483647;
			files = (
				DAF83CEC21FB269A0090CF08 /* LaunchScreen.storyboard in Resources */,
				A4B493642201CA3400A0A8B1 /* Assets.xcassets in Resources */,
				DAF83CE721FB26970090CF08 /* Main.storyboard in Resources */,
			);
			runOnlyForDeploymentPostprocessing = 0;
		};
/* End PBXResourcesBuildPhase section */

/* Begin PBXSourcesBuildPhase section */
		DAF83CDA21FB26970090CF08 /* Sources */ = {
			isa = PBXSourcesBuildPhase;
			buildActionMask = 2147483647;
			files = (
				DAEB4C1222007667005E2924 /* AddNoteError.swift in Sources */,
				DAEB4C0E21FF2768005E2924 /* PrivateViewController.swift in Sources */,
				DAF83CE421FB26970090CF08 /* PublicViewController.swift in Sources */,
				DAEB4C0C21FF275C005E2924 /* SharedViewController.swift in Sources */,
				DAEB4C1422007B19005E2924 /* UIViewController+AlertToAddNote.swift in Sources */,
				DAEB4C1021FF2CC7005E2924 /* CloudKitHelper.swift in Sources */,
				DAEB4C1622007DD4005E2924 /* UIViewController+RefreshController.swift in Sources */,
				DAF83CE221FB26970090CF08 /* AppDelegate.swift in Sources */,
			);
			runOnlyForDeploymentPostprocessing = 0;
		};
/* End PBXSourcesBuildPhase section */

/* Begin PBXVariantGroup section */
		DAF83CE521FB26970090CF08 /* Main.storyboard */ = {
			isa = PBXVariantGroup;
			children = (
				DAF83CE621FB26970090CF08 /* Base */,
			);
			name = Main.storyboard;
			sourceTree = "<group>";
		};
		DAF83CEA21FB269A0090CF08 /* LaunchScreen.storyboard */ = {
			isa = PBXVariantGroup;
			children = (
				DAF83CEB21FB269A0090CF08 /* Base */,
			);
			name = LaunchScreen.storyboard;
			sourceTree = "<group>";
		};
/* End PBXVariantGroup section */

/* Begin XCBuildConfiguration section */
		DAF83CEE21FB269A0090CF08 /* Debug */ = {
			isa = XCBuildConfiguration;
			buildSettings = {
				ALWAYS_SEARCH_USER_PATHS = NO;
				CLANG_ANALYZER_NONNULL = YES;
				CLANG_ANALYZER_NUMBER_OBJECT_CONVERSION = YES_AGGRESSIVE;
				CLANG_CXX_LANGUAGE_STANDARD = "gnu++14";
				CLANG_CXX_LIBRARY = "libc++";
				CLANG_ENABLE_MODULES = YES;
				CLANG_ENABLE_OBJC_ARC = YES;
				CLANG_ENABLE_OBJC_WEAK = YES;
				CLANG_WARN_BLOCK_CAPTURE_AUTORELEASING = YES;
				CLANG_WARN_BOOL_CONVERSION = YES;
				CLANG_WARN_COMMA = YES;
				CLANG_WARN_CONSTANT_CONVERSION = YES;
				CLANG_WARN_DEPRECATED_OBJC_IMPLEMENTATIONS = YES;
				CLANG_WARN_DIRECT_OBJC_ISA_USAGE = YES_ERROR;
				CLANG_WARN_DOCUMENTATION_COMMENTS = YES;
				CLANG_WARN_EMPTY_BODY = YES;
				CLANG_WARN_ENUM_CONVERSION = YES;
				CLANG_WARN_INFINITE_RECURSION = YES;
				CLANG_WARN_INT_CONVERSION = YES;
				CLANG_WARN_NON_LITERAL_NULL_CONVERSION = YES;
				CLANG_WARN_OBJC_IMPLICIT_RETAIN_SELF = YES;
				CLANG_WARN_OBJC_LITERAL_CONVERSION = YES;
				CLANG_WARN_OBJC_ROOT_CLASS = YES_ERROR;
				CLANG_WARN_RANGE_LOOP_ANALYSIS = YES;
				CLANG_WARN_STRICT_PROTOTYPES = YES;
				CLANG_WARN_SUSPICIOUS_MOVE = YES;
				CLANG_WARN_UNGUARDED_AVAILABILITY = YES_AGGRESSIVE;
				CLANG_WARN_UNREACHABLE_CODE = YES;
				CLANG_WARN__DUPLICATE_METHOD_MATCH = YES;
				CODE_SIGN_IDENTITY = "iPhone Developer";
				COPY_PHASE_STRIP = NO;
				DEBUG_INFORMATION_FORMAT = dwarf;
				ENABLE_STRICT_OBJC_MSGSEND = YES;
				ENABLE_TESTABILITY = YES;
				GCC_C_LANGUAGE_STANDARD = gnu11;
				GCC_DYNAMIC_NO_PIC = NO;
				GCC_NO_COMMON_BLOCKS = YES;
				GCC_OPTIMIZATION_LEVEL = 0;
				GCC_PREPROCESSOR_DEFINITIONS = (
					"DEBUG=1",
					"$(inherited)",
				);
				GCC_WARN_64_TO_32_BIT_CONVERSION = YES;
				GCC_WARN_ABOUT_RETURN_TYPE = YES_ERROR;
				GCC_WARN_UNDECLARED_SELECTOR = YES;
				GCC_WARN_UNINITIALIZED_AUTOS = YES_AGGRESSIVE;
				GCC_WARN_UNUSED_FUNCTION = YES;
				GCC_WARN_UNUSED_VARIABLE = YES;
				IPHONEOS_DEPLOYMENT_TARGET = 12.1;
				MTL_ENABLE_DEBUG_INFO = INCLUDE_SOURCE;
				MTL_FAST_MATH = YES;
				ONLY_ACTIVE_ARCH = YES;
				SDKROOT = iphoneos;
				SWIFT_ACTIVE_COMPILATION_CONDITIONS = DEBUG;
				SWIFT_OPTIMIZATION_LEVEL = "-Onone";
			};
			name = Debug;
		};
		DAF83CEF21FB269A0090CF08 /* Release */ = {
			isa = XCBuildConfiguration;
			buildSettings = {
				ALWAYS_SEARCH_USER_PATHS = NO;
				CLANG_ANALYZER_NONNULL = YES;
				CLANG_ANALYZER_NUMBER_OBJECT_CONVERSION = YES_AGGRESSIVE;
				CLANG_CXX_LANGUAGE_STANDARD = "gnu++14";
				CLANG_CXX_LIBRARY = "libc++";
				CLANG_ENABLE_MODULES = YES;
				CLANG_ENABLE_OBJC_ARC = YES;
				CLANG_ENABLE_OBJC_WEAK = YES;
				CLANG_WARN_BLOCK_CAPTURE_AUTORELEASING = YES;
				CLANG_WARN_BOOL_CONVERSION = YES;
				CLANG_WARN_COMMA = YES;
				CLANG_WARN_CONSTANT_CONVERSION = YES;
				CLANG_WARN_DEPRECATED_OBJC_IMPLEMENTATIONS = YES;
				CLANG_WARN_DIRECT_OBJC_ISA_USAGE = YES_ERROR;
				CLANG_WARN_DOCUMENTATION_COMMENTS = YES;
				CLANG_WARN_EMPTY_BODY = YES;
				CLANG_WARN_ENUM_CONVERSION = YES;
				CLANG_WARN_INFINITE_RECURSION = YES;
				CLANG_WARN_INT_CONVERSION = YES;
				CLANG_WARN_NON_LITERAL_NULL_CONVERSION = YES;
				CLANG_WARN_OBJC_IMPLICIT_RETAIN_SELF = YES;
				CLANG_WARN_OBJC_LITERAL_CONVERSION = YES;
				CLANG_WARN_OBJC_ROOT_CLASS = YES_ERROR;
				CLANG_WARN_RANGE_LOOP_ANALYSIS = YES;
				CLANG_WARN_STRICT_PROTOTYPES = YES;
				CLANG_WARN_SUSPICIOUS_MOVE = YES;
				CLANG_WARN_UNGUARDED_AVAILABILITY = YES_AGGRESSIVE;
				CLANG_WARN_UNREACHABLE_CODE = YES;
				CLANG_WARN__DUPLICATE_METHOD_MATCH = YES;
				CODE_SIGN_IDENTITY = "iPhone Developer";
				COPY_PHASE_STRIP = NO;
				DEBUG_INFORMATION_FORMAT = "dwarf-with-dsym";
				ENABLE_NS_ASSERTIONS = NO;
				ENABLE_STRICT_OBJC_MSGSEND = YES;
				GCC_C_LANGUAGE_STANDARD = gnu11;
				GCC_NO_COMMON_BLOCKS = YES;
				GCC_WARN_64_TO_32_BIT_CONVERSION = YES;
				GCC_WARN_ABOUT_RETURN_TYPE = YES_ERROR;
				GCC_WARN_UNDECLARED_SELECTOR = YES;
				GCC_WARN_UNINITIALIZED_AUTOS = YES_AGGRESSIVE;
				GCC_WARN_UNUSED_FUNCTION = YES;
				GCC_WARN_UNUSED_VARIABLE = YES;
				IPHONEOS_DEPLOYMENT_TARGET = 12.1;
				MTL_ENABLE_DEBUG_INFO = NO;
				MTL_FAST_MATH = YES;
				SDKROOT = iphoneos;
				SWIFT_COMPILATION_MODE = wholemodule;
				SWIFT_OPTIMIZATION_LEVEL = "-O";
				VALIDATE_PRODUCT = YES;
			};
			name = Release;
		};
		DAF83CF121FB269A0090CF08 /* Debug */ = {
			isa = XCBuildConfiguration;
			buildSettings = {
				ASSETCATALOG_COMPILER_APPICON_NAME = AppIcon;
				CODE_SIGN_ENTITLEMENTS = "CloudKit-KL-Tutorial/CloudKit-KL-Tutorial.entitlements";
				CODE_SIGN_IDENTITY = "iPhone Developer";
				CODE_SIGN_STYLE = Automatic;
				DEVELOPMENT_TEAM = 37CT2CQ23H;
				INFOPLIST_FILE = "CloudKit-KL-Tutorial/Info.plist";
				LD_RUNPATH_SEARCH_PATHS = (
					"$(inherited)",
					"@executable_path/Frameworks",
				);
				PRODUCT_BUNDLE_IDENTIFIER = "tavares1.CloudKit-KL-Tutorial";
				PRODUCT_NAME = "$(TARGET_NAME)";
				PROVISIONING_PROFILE_SPECIFIER = "";
				SWIFT_VERSION = 4.2;
				TARGETED_DEVICE_FAMILY = "1,2";
			};
			name = Debug;
		};
		DAF83CF221FB269A0090CF08 /* Release */ = {
			isa = XCBuildConfiguration;
			buildSettings = {
				ASSETCATALOG_COMPILER_APPICON_NAME = AppIcon;
				CODE_SIGN_ENTITLEMENTS = "CloudKit-KL-Tutorial/CloudKit-KL-Tutorial.entitlements";
				CODE_SIGN_IDENTITY = "iPhone Developer";
				CODE_SIGN_STYLE = Automatic;
				DEVELOPMENT_TEAM = 37CT2CQ23H;
				INFOPLIST_FILE = "CloudKit-KL-Tutorial/Info.plist";
				LD_RUNPATH_SEARCH_PATHS = (
					"$(inherited)",
					"@executable_path/Frameworks",
				);
				PRODUCT_BUNDLE_IDENTIFIER = "tavares1.CloudKit-KL-Tutorial";
				PRODUCT_NAME = "$(TARGET_NAME)";
				PROVISIONING_PROFILE_SPECIFIER = "";
				SWIFT_VERSION = 4.2;
				TARGETED_DEVICE_FAMILY = "1,2";
			};
			name = Release;
		};
/* End XCBuildConfiguration section */

/* Begin XCConfigurationList section */
		DAF83CD921FB26970090CF08 /* Build configuration list for PBXProject "CloudKit-KL-Tutorial" */ = {
			isa = XCConfigurationList;
			buildConfigurations = (
				DAF83CEE21FB269A0090CF08 /* Debug */,
				DAF83CEF21FB269A0090CF08 /* Release */,
			);
			defaultConfigurationIsVisible = 0;
			defaultConfigurationName = Release;
		};
		DAF83CF021FB269A0090CF08 /* Build configuration list for PBXNativeTarget "CloudKit-KL-Tutorial" */ = {
			isa = XCConfigurationList;
			buildConfigurations = (
				DAF83CF121FB269A0090CF08 /* Debug */,
				DAF83CF221FB269A0090CF08 /* Release */,
			);
			defaultConfigurationIsVisible = 0;
			defaultConfigurationName = Release;
		};
/* End XCConfigurationList section */
	};
	rootObject = DAF83CD621FB26970090CF08 /* Project object */;
}
